
Microsoft Visual Studio Solution File, Format Version 12.00
# Visual Studio Version 17
VisualStudioVersion = 17.0.31903.59
MinimumVisualStudioVersion = 10.0.40219.1
Project("{FAE04EC0-301F-11D3-BF4B-00C04F79EFBC}") = "API", "API\API.csproj", "{6CBF4689-3123-4C5F-9747-DC41C93824E8}"
EndProject
Project("{FAE04EC0-301F-11D3-BF4B-00C04F79EFBC}") = "Infrastructure", "Infrastructure\Infrastructure.csproj", "{8F186B72-08DA-493B-AEB5-520D7793930C}"
EndProject
Project("{FAE04EC0-301F-11D3-BF4B-00C04F79EFBC}") = "Core", "Core\Core.csproj", "{D5EF07F5-6FE4-48E2-BF56-A9E4FAC74518}"
EndProject
Global
	GlobalSection(SolutionConfigurationPlatforms) = preSolution
		Debug|Any CPU = Debug|Any CPU
		Release|Any CPU = Release|Any CPU
	EndGlobalSection
	GlobalSection(SolutionProperties) = preSolution
		HideSolutionNode = FALSE
	EndGlobalSection
	GlobalSection(ProjectConfigurationPlatforms) = postSolution
		{6CBF4689-3123-4C5F-9747-DC41C93824E8}.Debug|Any CPU.ActiveCfg = Debug|Any CPU
		{6CBF4689-3123-4C5F-9747-DC41C93824E8}.Debug|Any CPU.Build.0 = Debug|Any CPU
		{6CBF4689-3123-4C5F-9747-DC41C93824E8}.Release|Any CPU.ActiveCfg = Release|Any CPU
		{6CBF4689-3123-4C5F-9747-DC41C93824E8}.Release|Any CPU.Build.0 = Release|Any CPU
		{8F186B72-08DA-493B-AEB5-520D7793930C}.Debug|Any CPU.ActiveCfg = Debug|Any CPU
		{8F186B72-08DA-493B-AEB5-520D7793930C}.Debug|Any CPU.Build.0 = Debug|Any CPU
		{8F186B72-08DA-493B-AEB5-520D7793930C}.Release|Any CPU.ActiveCfg = Release|Any CPU
		{8F186B72-08DA-493B-AEB5-520D7793930C}.Release|Any CPU.Build.0 = Release|Any CPU
		{D5EF07F5-6FE4-48E2-BF56-A9E4FAC74518}.Debug|Any CPU.ActiveCfg = Debug|Any CPU
		{D5EF07F5-6FE4-48E2-BF56-A9E4FAC74518}.Debug|Any CPU.Build.0 = Debug|Any CPU
		{D5EF07F5-6FE4-48E2-BF56-A9E4FAC74518}.Release|Any CPU.ActiveCfg = Release|Any CPU
		{D5EF07F5-6FE4-48E2-BF56-A9E4FAC74518}.Release|Any CPU.Build.0 = Release|Any CPU
	EndGlobalSection
EndGlobal
